<?xml version="1.0" encoding="utf-8"?>
<Project ToolsVersion="4.0" xmlns="http://schemas.microsoft.com/developer/msbuild/2003">
  <ItemGroup>
    <Filter Include="源文件">
      <UniqueIdentifier>{4FC737F1-C7A5-4376-A066-2A32D752A2FF}</UniqueIdentifier>
      <Extensions>cpp;c;cc;cxx;def;odl;idl;hpj;bat;asm;asmx</Extensions>
    </Filter>
    <Filter Include="头文件">
      <UniqueIdentifier>{93995380-89BD-4b04-88EB-625FBE52EBFB}</UniqueIdentifier>
      <Extensions>h;hh;hpp;hxx;hm;inl;inc;ipp;xsd</Extensions>
    </Filter>
    <Filter Include="资源文件">
      <UniqueIdentifier>{67DA6AB6-F800-4c08-8B7A-83BB121AAD01}</UniqueIdentifier>
      <Extensions>rc;ico;cur;bmp;dlg;rc2;rct;bin;rgs;gif;jpg;jpeg;jpe;resx;tiff;tif;png;wav;mfcribbon-ms</Extensions>
    </Filter>
  </ItemGroup>
  <ItemGroup>
    <ClInclude Include="findContentChildren_455.h">
      <Filter>头文件</Filter>
    </ClInclude>
    <ClInclude Include="listNode.h">
      <Filter>头文件</Filter>
    </ClInclude>
    <ClInclude Include="CycleArray.h">
      <Filter>头文件</Filter>
    </ClInclude>
    <ClInclude Include="kalman_filter.h">
      <Filter>头文件</Filter>
    </ClInclude>
  </ItemGroup>
  <ItemGroup>
    <ClCompile Include="findContentChildren.cpp">
      <Filter>源文件</Filter>
    </ClCompile>
    <ClCompile Include="doubleListNode.cpp">
      <Filter>源文件</Filter>
    </ClCompile>
    <ClCompile Include="DoubListNode.cpp">
      <Filter>源文件</Filter>
    </ClCompile>
    <ClCompile Include="myArrayStack.cpp">
      <Filter>源文件</Filter>
    </ClCompile>
    <ClCompile Include="circleArrayDemo.cpp">
      <Filter>源文件</Filter>
    </ClCompile>
    <ClCompile Include="CycleArray.cpp">
      <Filter>源文件</Filter>
    </ClCompile>
    <ClCompile Include="myArrayQueue.cpp">
      <Filter>源文件</Filter>
    </ClCompile>
    <ClCompile Include="reverseWords.cpp">
      <Filter>源文件</Filter>
    </ClCompile>
    <ClCompile Include="minFallingPathSum.cpp">
      <Filter>源文件</Filter>
    </ClCompile>
    <ClCompile Include="wordBreak.cpp">
      <Filter>源文件</Filter>
    </ClCompile>
    <ClCompile Include="subsets.cpp">
      <Filter>源文件</Filter>
    </ClCompile>
    <ClCompile Include="maxPalindromes.cpp">
      <Filter>源文件</Filter>
    </ClCompile>
    <ClCompile Include="restoreIpAddresses.cpp">
      <Filter>源文件</Filter>
    </ClCompile>
    <ClCompile Include="findSubsequences.cpp">
      <Filter>源文件</Filter>
    </ClCompile>
    <ClCompile Include="findItinerary.cpp">
      <Filter>源文件</Filter>
    </ClCompile>
    <ClCompile Include="canJump.cpp">
      <Filter>源文件</Filter>
    </ClCompile>
    <ClCompile Include="lemonadeChange.cpp">
      <Filter>源文件</Filter>
    </ClCompile>
    <ClCompile Include="abstractFactoryMode.cpp">
      <Filter>源文件</Filter>
    </ClCompile>
    <ClCompile Include="factoryMode.cpp">
      <Filter>源文件</Filter>
    </ClCompile>
    <ClCompile Include="singletonMode.cpp">
      <Filter>源文件</Filter>
    </ClCompile>
    <ClCompile Include="IteratorMode.cpp">
      <Filter>源文件</Filter>
    </ClCompile>
    <ClCompile Include="LowPassFilter.cpp">
      <Filter>源文件</Filter>
    </ClCompile>
    <ClCompile Include="kalman_filter.cpp">
      <Filter>源文件</Filter>
    </ClCompile>
    <ClCompile Include="IsPointInsideRectangle.cpp">
      <Filter>源文件</Filter>
    </ClCompile>
    <ClCompile Include="test_for_Eigen.cpp">
      <Filter>源文件</Filter>
    </ClCompile>
    <ClCompile Include="test_for_kalmanFilter.cpp">
      <Filter>源文件</Filter>
    </ClCompile>
    <ClCompile Include="dijkstra.cpp">
      <Filter>源文件</Filter>
    </ClCompile>
    <ClCompile Include="dijkstra_heap_based.cpp">
      <Filter>源文件</Filter>
    </ClCompile>
    <ClCompile Include="Bellman_ford.cpp">
      <Filter>源文件</Filter>
    </ClCompile>
    <ClCompile Include="Queue_improved_Bellman_Ford.cpp">
      <Filter>源文件</Filter>
    </ClCompile>
    <ClCompile Include="Knight_Astar.cpp">
      <Filter>源文件</Filter>
    </ClCompile>
    <ClCompile Include="NMS.cpp">
      <Filter>源文件</Filter>
    </ClCompile>
  </ItemGroup>
</Project>